
Microsoft Visual Studio Solution File, Format Version 12.00
# Visual Studio Version 17
VisualStudioVersion = 17.1.32328.378
MinimumVisualStudioVersion = 10.0.40219.1
Project("{9A19103F-16F7-4668-BE54-9A1E7A4F7556}") = "notcake.Algorithms", "notcake.Algorithms\notcake.Algorithms.csproj", "{30AA8480-D99E-48CC-B86B-F186E9D35C15}"
EndProject
Global
	GlobalSection(SolutionConfigurationPlatforms) = preSolution
		Debug|Any CPU = Debug|Any CPU
		Release|Any CPU = Release|Any CPU
	EndGlobalSection
	GlobalSection(ProjectConfigurationPlatforms) = postSolution
		{30AA8480-D99E-48CC-B86B-F186E9D35C15}.Debug|Any CPU.ActiveCfg = Debug|Any CPU
		{30AA8480-D99E-48CC-B86B-F186E9D35C15}.Debug|Any CPU.Build.0 = Debug|Any CPU
		{30AA8480-D99E-48CC-B86B-F186E9D35C15}.Release|Any CPU.ActiveCfg = Release|Any CPU
		{30AA8480-D99E-48CC-B86B-F186E9D35C15}.Release|Any CPU.Build.0 = Release|Any CPU
	EndGlobalSection
	GlobalSection(SolutionProperties) = preSolution
		HideSolutionNode = FALSE
	EndGlobalSection
	GlobalSection(ExtensibilityGlobals) = postSolution
		SolutionGuid = {D6C38E57-A164-4773-A76F-F28EB2111986}
	EndGlobalSection
EndGlobal
